
Microsoft Visual Studio Solution File, Format Version 12.00
# Visual Studio Version 17
VisualStudioVersion = 17.5.33627.172
MinimumVisualStudioVersion = 10.0.40219.1
Project("{9A19103F-16F7-4668-BE54-9A1E7A4F7556}") = "KOTORModSync.ConsoleApp", "KOTORModSync.Console\KOTORModSync.ConsoleApp.csproj", "{7DF4D851-E74F-4DC6-8542-34A4E81FF2A1}"
EndProject
Project("{9A19103F-16F7-4668-BE54-9A1E7A4F7556}") = "KOTORModSync.Core", "KOTORModSync.Core\KOTORModSync.Core.csproj", "{33369F03-7C1D-4D53-A82B-FB82EF06BCEB}"
EndProject
Project("{2150E333-8FDC-42A3-9474-1A3956D46DE8}") = "Solution Items", "Solution Items", "{9F65FCCE-2210-4FAA-9D60-362FCD21A8BE}"
	ProjectSection(SolutionItems) = preProject
		.editorconfig = .editorconfig
		kotor2 specific dev notes.txt = kotor2 specific dev notes.txt
	EndProjectSection
EndProject
Project("{9A19103F-16F7-4668-BE54-9A1E7A4F7556}") = "KOTORModSync.GUI", "KOTORModSync.GUI\KOTORModSync.GUI.csproj", "{E3B5CB94-DA74-4F77-B769-B9D872495916}"
EndProject
Project("{9A19103F-16F7-4668-BE54-9A1E7A4F7556}") = "KOTORModSync.Tests", "KOTORModSync.Tests\KOTORModSync.Tests.csproj", "{52B21526-2B8D-43BE-90DD-2A54FF631825}"
EndProject
Project("{FAE04EC0-301F-11D3-BF4B-00C04F79EFBC}") = "KOTORModSync.Installer", "KOTORModSync.Installer\KOTORModSync.Installer.csproj", "{9C0DF438-4F31-477C-9B62-B8581CBD4BAA}"
EndProject
Global
	GlobalSection(SolutionConfigurationPlatforms) = preSolution
		Debug|Any CPU = Debug|Any CPU
		Debug|x64 = Debug|x64
		Debug|x86 = Debug|x86
		Release|Any CPU = Release|Any CPU
		Release|x64 = Release|x64
		Release|x86 = Release|x86
	EndGlobalSection
	GlobalSection(ProjectConfigurationPlatforms) = postSolution
		{7DF4D851-E74F-4DC6-8542-34A4E81FF2A1}.Debug|Any CPU.ActiveCfg = Debug|Any CPU
		{7DF4D851-E74F-4DC6-8542-34A4E81FF2A1}.Debug|Any CPU.Build.0 = Debug|Any CPU
		{7DF4D851-E74F-4DC6-8542-34A4E81FF2A1}.Debug|x64.ActiveCfg = Debug|Any CPU
		{7DF4D851-E74F-4DC6-8542-34A4E81FF2A1}.Debug|x64.Build.0 = Debug|Any CPU
		{7DF4D851-E74F-4DC6-8542-34A4E81FF2A1}.Debug|x86.ActiveCfg = Debug|Any CPU
		{7DF4D851-E74F-4DC6-8542-34A4E81FF2A1}.Debug|x86.Build.0 = Debug|Any CPU
		{7DF4D851-E74F-4DC6-8542-34A4E81FF2A1}.Release|Any CPU.ActiveCfg = Release|Any CPU
		{7DF4D851-E74F-4DC6-8542-34A4E81FF2A1}.Release|Any CPU.Build.0 = Release|Any CPU
		{7DF4D851-E74F-4DC6-8542-34A4E81FF2A1}.Release|x64.ActiveCfg = Release|Any CPU
		{7DF4D851-E74F-4DC6-8542-34A4E81FF2A1}.Release|x64.Build.0 = Release|Any CPU
		{7DF4D851-E74F-4DC6-8542-34A4E81FF2A1}.Release|x86.ActiveCfg = Release|Any CPU
		{7DF4D851-E74F-4DC6-8542-34A4E81FF2A1}.Release|x86.Build.0 = Release|Any CPU
		{33369F03-7C1D-4D53-A82B-FB82EF06BCEB}.Debug|Any CPU.ActiveCfg = Debug|Any CPU
		{33369F03-7C1D-4D53-A82B-FB82EF06BCEB}.Debug|Any CPU.Build.0 = Debug|Any CPU
		{33369F03-7C1D-4D53-A82B-FB82EF06BCEB}.Debug|x64.ActiveCfg = Debug|Any CPU
		{33369F03-7C1D-4D53-A82B-FB82EF06BCEB}.Debug|x64.Build.0 = Debug|Any CPU
		{33369F03-7C1D-4D53-A82B-FB82EF06BCEB}.Debug|x86.ActiveCfg = Debug|Any CPU
		{33369F03-7C1D-4D53-A82B-FB82EF06BCEB}.Debug|x86.Build.0 = Debug|Any CPU
		{33369F03-7C1D-4D53-A82B-FB82EF06BCEB}.Release|Any CPU.ActiveCfg = Release|Any CPU
		{33369F03-7C1D-4D53-A82B-FB82EF06BCEB}.Release|Any CPU.Build.0 = Release|Any CPU
		{33369F03-7C1D-4D53-A82B-FB82EF06BCEB}.Release|x64.ActiveCfg = Release|Any CPU
		{33369F03-7C1D-4D53-A82B-FB82EF06BCEB}.Release|x64.Build.0 = Release|Any CPU
		{33369F03-7C1D-4D53-A82B-FB82EF06BCEB}.Release|x86.ActiveCfg = Release|Any CPU
		{33369F03-7C1D-4D53-A82B-FB82EF06BCEB}.Release|x86.Build.0 = Release|Any CPU
		{E3B5CB94-DA74-4F77-B769-B9D872495916}.Debug|Any CPU.ActiveCfg = Debug|x86
		{E3B5CB94-DA74-4F77-B769-B9D872495916}.Debug|Any CPU.Build.0 = Debug|x86
		{E3B5CB94-DA74-4F77-B769-B9D872495916}.Debug|x64.ActiveCfg = Debug|x64
		{E3B5CB94-DA74-4F77-B769-B9D872495916}.Debug|x64.Build.0 = Debug|x64
		{E3B5CB94-DA74-4F77-B769-B9D872495916}.Debug|x86.ActiveCfg = Debug|x86
		{E3B5CB94-DA74-4F77-B769-B9D872495916}.Debug|x86.Build.0 = Debug|x86
		{E3B5CB94-DA74-4F77-B769-B9D872495916}.Release|Any CPU.ActiveCfg = Release|x86
		{E3B5CB94-DA74-4F77-B769-B9D872495916}.Release|Any CPU.Build.0 = Release|x86
		{E3B5CB94-DA74-4F77-B769-B9D872495916}.Release|x64.ActiveCfg = Release|x64
		{E3B5CB94-DA74-4F77-B769-B9D872495916}.Release|x64.Build.0 = Release|x64
		{E3B5CB94-DA74-4F77-B769-B9D872495916}.Release|x86.ActiveCfg = Release|x64
		{E3B5CB94-DA74-4F77-B769-B9D872495916}.Release|x86.Build.0 = Release|x64
		{52B21526-2B8D-43BE-90DD-2A54FF631825}.Debug|Any CPU.ActiveCfg = Debug|Any CPU
		{52B21526-2B8D-43BE-90DD-2A54FF631825}.Debug|Any CPU.Build.0 = Debug|Any CPU
		{52B21526-2B8D-43BE-90DD-2A54FF631825}.Debug|x64.ActiveCfg = Debug|Any CPU
		{52B21526-2B8D-43BE-90DD-2A54FF631825}.Debug|x64.Build.0 = Debug|Any CPU
		{52B21526-2B8D-43BE-90DD-2A54FF631825}.Debug|x86.ActiveCfg = Debug|Any CPU
		{52B21526-2B8D-43BE-90DD-2A54FF631825}.Debug|x86.Build.0 = Debug|Any CPU
		{52B21526-2B8D-43BE-90DD-2A54FF631825}.Release|Any CPU.ActiveCfg = Release|Any CPU
		{52B21526-2B8D-43BE-90DD-2A54FF631825}.Release|Any CPU.Build.0 = Release|Any CPU
		{52B21526-2B8D-43BE-90DD-2A54FF631825}.Release|x64.ActiveCfg = Release|Any CPU
		{52B21526-2B8D-43BE-90DD-2A54FF631825}.Release|x64.Build.0 = Release|Any CPU
		{52B21526-2B8D-43BE-90DD-2A54FF631825}.Release|x86.ActiveCfg = Release|Any CPU
		{52B21526-2B8D-43BE-90DD-2A54FF631825}.Release|x86.Build.0 = Release|Any CPU
		{9C0DF438-4F31-477C-9B62-B8581CBD4BAA}.Debug|Any CPU.ActiveCfg = Debug|Any CPU
		{9C0DF438-4F31-477C-9B62-B8581CBD4BAA}.Debug|Any CPU.Build.0 = Debug|Any CPU
		{9C0DF438-4F31-477C-9B62-B8581CBD4BAA}.Debug|x64.ActiveCfg = Debug|Any CPU
		{9C0DF438-4F31-477C-9B62-B8581CBD4BAA}.Debug|x64.Build.0 = Debug|Any CPU
		{9C0DF438-4F31-477C-9B62-B8581CBD4BAA}.Debug|x86.ActiveCfg = Debug|Any CPU
		{9C0DF438-4F31-477C-9B62-B8581CBD4BAA}.Debug|x86.Build.0 = Debug|Any CPU
		{9C0DF438-4F31-477C-9B62-B8581CBD4BAA}.Release|Any CPU.ActiveCfg = Release|Any CPU
		{9C0DF438-4F31-477C-9B62-B8581CBD4BAA}.Release|Any CPU.Build.0 = Release|Any CPU
		{9C0DF438-4F31-477C-9B62-B8581CBD4BAA}.Release|x64.ActiveCfg = Release|Any CPU
		{9C0DF438-4F31-477C-9B62-B8581CBD4BAA}.Release|x64.Build.0 = Release|Any CPU
		{9C0DF438-4F31-477C-9B62-B8581CBD4BAA}.Release|x86.ActiveCfg = Release|Any CPU
		{9C0DF438-4F31-477C-9B62-B8581CBD4BAA}.Release|x86.Build.0 = Release|Any CPU
	EndGlobalSection
	GlobalSection(SolutionProperties) = preSolution
		HideSolutionNode = FALSE
	EndGlobalSection
	GlobalSection(ExtensibilityGlobals) = postSolution
		SolutionGuid = {72450C1B-C7A8-4725-A228-6DCCF279B7CA}
	EndGlobalSection
EndGlobal
