
Microsoft Visual Studio Solution File, Format Version 12.00
# Visual Studio Version 17
VisualStudioVersion = 17.5.33627.172
MinimumVisualStudioVersion = 10.0.40219.1
Project("{9A19103F-16F7-4668-BE54-9A1E7A4F7556}") = "KOTORModSync", "ConsoleApp3\KOTORModSync.csproj", "{7DF4D851-E74F-4DC6-8542-34A4E81FF2A1}"
EndProject
Project("{9A19103F-16F7-4668-BE54-9A1E7A4F7556}") = "KOTORModSync.Core", "KOTOR2ModSync.Core\KOTORModSync.Core.csproj", "{33369F03-7C1D-4D53-A82B-FB82EF06BCEB}"
EndProject
Project("{2150E333-8FDC-42A3-9474-1A3956D46DE8}") = "Solution Items", "Solution Items", "{9F65FCCE-2210-4FAA-9D60-362FCD21A8BE}"
	ProjectSection(SolutionItems) = preProject
		.editorconfig = .editorconfig
	EndProjectSection
EndProject
Project("{FAE04EC0-301F-11D3-BF4B-00C04F79EFBC}") = "KOTORModSync.GUI", "KOTORModSync.GUI\KOTORModSync.GUI.csproj", "{BD7AED08-9CC5-490F-B1EF-7BB83129EDFB}"
EndProject
Global
	GlobalSection(SolutionConfigurationPlatforms) = preSolution
		Debug|Any CPU = Debug|Any CPU
		Release|Any CPU = Release|Any CPU
	EndGlobalSection
	GlobalSection(ProjectConfigurationPlatforms) = postSolution
		{7DF4D851-E74F-4DC6-8542-34A4E81FF2A1}.Debug|Any CPU.ActiveCfg = Debug|Any CPU
		{7DF4D851-E74F-4DC6-8542-34A4E81FF2A1}.Debug|Any CPU.Build.0 = Debug|Any CPU
		{7DF4D851-E74F-4DC6-8542-34A4E81FF2A1}.Release|Any CPU.ActiveCfg = Release|Any CPU
		{7DF4D851-E74F-4DC6-8542-34A4E81FF2A1}.Release|Any CPU.Build.0 = Release|Any CPU
		{33369F03-7C1D-4D53-A82B-FB82EF06BCEB}.Debug|Any CPU.ActiveCfg = Debug|Any CPU
		{33369F03-7C1D-4D53-A82B-FB82EF06BCEB}.Debug|Any CPU.Build.0 = Debug|Any CPU
		{33369F03-7C1D-4D53-A82B-FB82EF06BCEB}.Release|Any CPU.ActiveCfg = Release|Any CPU
		{33369F03-7C1D-4D53-A82B-FB82EF06BCEB}.Release|Any CPU.Build.0 = Release|Any CPU
		{BD7AED08-9CC5-490F-B1EF-7BB83129EDFB}.Debug|Any CPU.ActiveCfg = Debug|Any CPU
		{BD7AED08-9CC5-490F-B1EF-7BB83129EDFB}.Debug|Any CPU.Build.0 = Debug|Any CPU
		{BD7AED08-9CC5-490F-B1EF-7BB83129EDFB}.Release|Any CPU.ActiveCfg = Release|Any CPU
		{BD7AED08-9CC5-490F-B1EF-7BB83129EDFB}.Release|Any CPU.Build.0 = Release|Any CPU
	EndGlobalSection
	GlobalSection(SolutionProperties) = preSolution
		HideSolutionNode = FALSE
	EndGlobalSection
	GlobalSection(ExtensibilityGlobals) = postSolution
		SolutionGuid = {72450C1B-C7A8-4725-A228-6DCCF279B7CA}
	EndGlobalSection
EndGlobal
